// !$*UTF8*$!
{
	archiveVersion = 1;
	classes = {
	};
	objectVersion = 46;
	objects = {

/* Begin PBXBuildFile section */
		3125C1CD19FD878F00576334 /* ONGDialogueMessagesViewController.m in Sources */ = {isa = PBXBuildFile; fileRef = 3125C1CC19FD878F00576334 /* ONGDialogueMessagesViewController.m */; };
		3125C1D019FD89C500576334 /* ONGDialogueMEssageTableViewCell.m in Sources */ = {isa = PBXBuildFile; fileRef = 3125C1CF19FD89C500576334 /* ONGDialogueMEssageTableViewCell.m */; };
		3125C1F419FDCBB800576334 /* ONGClueTableViewCell.m in Sources */ = {isa = PBXBuildFile; fileRef = 3125C1F319FDCBB800576334 /* ONGClueTableViewCell.m */; };
		3125C21219FDD19400576334 /* ONGUtils.m in Sources */ = {isa = PBXBuildFile; fileRef = 3125C21119FDD19400576334 /* ONGUtils.m */; };
		A03D917C1A31ADC6003B8677 /* MagicalImportFunctions.m in Sources */ = {isa = PBXBuildFile; fileRef = A03D91421A31ADC6003B8677 /* MagicalImportFunctions.m */; };
		A03D917D1A31ADC6003B8677 /* NSAttributeDescription+MagicalDataImport.m in Sources */ = {isa = PBXBuildFile; fileRef = A03D91441A31ADC6003B8677 /* NSAttributeDescription+MagicalDataImport.m */; };
		A03D917E1A31ADC6003B8677 /* NSEntityDescription+MagicalDataImport.m in Sources */ = {isa = PBXBuildFile; fileRef = A03D91461A31ADC6003B8677 /* NSEntityDescription+MagicalDataImport.m */; };
		A03D917F1A31ADC6003B8677 /* NSNumber+MagicalDataImport.m in Sources */ = {isa = PBXBuildFile; fileRef = A03D91481A31ADC6003B8677 /* NSNumber+MagicalDataImport.m */; };
		A03D91801A31ADC6003B8677 /* NSObject+MagicalDataImport.m in Sources */ = {isa = PBXBuildFile; fileRef = A03D914A1A31ADC6003B8677 /* NSObject+MagicalDataImport.m */; };
		A03D91811A31ADC6003B8677 /* NSRelationshipDescription+MagicalDataImport.m in Sources */ = {isa = PBXBuildFile; fileRef = A03D914C1A31ADC6003B8677 /* NSRelationshipDescription+MagicalDataImport.m */; };
		A03D91821A31ADC6003B8677 /* NSString+MagicalDataImport.m in Sources */ = {isa = PBXBuildFile; fileRef = A03D914E1A31ADC6003B8677 /* NSString+MagicalDataImport.m */; };
		A03D91831A31ADC6003B8677 /* NSManagedObject+MagicalAggregation.m in Sources */ = {isa = PBXBuildFile; fileRef = A03D91511A31ADC6003B8677 /* NSManagedObject+MagicalAggregation.m */; };
		A03D91841A31ADC6003B8677 /* NSManagedObject+MagicalDataImport.m in Sources */ = {isa = PBXBuildFile; fileRef = A03D91531A31ADC6003B8677 /* NSManagedObject+MagicalDataImport.m */; };
		A03D91851A31ADC6003B8677 /* NSManagedObject+MagicalFinders.m in Sources */ = {isa = PBXBuildFile; fileRef = A03D91551A31ADC6003B8677 /* NSManagedObject+MagicalFinders.m */; };
		A03D91861A31ADC6003B8677 /* NSManagedObject+MagicalRecord.m in Sources */ = {isa = PBXBuildFile; fileRef = A03D91571A31ADC6003B8677 /* NSManagedObject+MagicalRecord.m */; };
		A03D91871A31ADC6003B8677 /* NSManagedObject+MagicalRequests.m in Sources */ = {isa = PBXBuildFile; fileRef = A03D91591A31ADC6003B8677 /* NSManagedObject+MagicalRequests.m */; };
		A03D91881A31ADC6003B8677 /* NSManagedObjectContext+MagicalObserving.m in Sources */ = {isa = PBXBuildFile; fileRef = A03D915C1A31ADC6003B8677 /* NSManagedObjectContext+MagicalObserving.m */; };
		A03D91891A31ADC6003B8677 /* NSManagedObjectContext+MagicalRecord.m in Sources */ = {isa = PBXBuildFile; fileRef = A03D915E1A31ADC6003B8677 /* NSManagedObjectContext+MagicalRecord.m */; };
		A03D918A1A31ADC6003B8677 /* NSManagedObjectContext+MagicalSaves.m in Sources */ = {isa = PBXBuildFile; fileRef = A03D91601A31ADC6003B8677 /* NSManagedObjectContext+MagicalSaves.m */; };
		A03D918B1A31ADC6003B8677 /* NSManagedObjectContext+MagicalThreading.m in Sources */ = {isa = PBXBuildFile; fileRef = A03D91621A31ADC6003B8677 /* NSManagedObjectContext+MagicalThreading.m */; };
		A03D918C1A31ADC6003B8677 /* NSManagedObjectModel+MagicalRecord.m in Sources */ = {isa = PBXBuildFile; fileRef = A03D91641A31ADC6003B8677 /* NSManagedObjectModel+MagicalRecord.m */; };
		A03D918D1A31ADC6003B8677 /* NSPersistentStore+MagicalRecord.m in Sources */ = {isa = PBXBuildFile; fileRef = A03D91661A31ADC6003B8677 /* NSPersistentStore+MagicalRecord.m */; };
		A03D918E1A31ADC6003B8677 /* NSPersistentStoreCoordinator+MagicalRecord.m in Sources */ = {isa = PBXBuildFile; fileRef = A03D91681A31ADC6003B8677 /* NSPersistentStoreCoordinator+MagicalRecord.m */; };
		A03D918F1A31ADC6003B8677 /* MagicalRecord+Actions.m in Sources */ = {isa = PBXBuildFile; fileRef = A03D916B1A31ADC6003B8677 /* MagicalRecord+Actions.m */; };
		A03D91901A31ADC6003B8677 /* MagicalRecord+ErrorHandling.m in Sources */ = {isa = PBXBuildFile; fileRef = A03D916D1A31ADC6003B8677 /* MagicalRecord+ErrorHandling.m */; };
		A03D91911A31ADC6003B8677 /* MagicalRecord+iCloud.m in Sources */ = {isa = PBXBuildFile; fileRef = A03D916F1A31ADC6003B8677 /* MagicalRecord+iCloud.m */; };
		A03D91921A31ADC6003B8677 /* MagicalRecord+Options.m in Sources */ = {isa = PBXBuildFile; fileRef = A03D91711A31ADC6003B8677 /* MagicalRecord+Options.m */; };
		A03D91931A31ADC6003B8677 /* MagicalRecord+Setup.m in Sources */ = {isa = PBXBuildFile; fileRef = A03D91731A31ADC6003B8677 /* MagicalRecord+Setup.m */; };
		A03D91941A31ADC6003B8677 /* MagicalRecord+ShorthandSupport.m in Sources */ = {isa = PBXBuildFile; fileRef = A03D91751A31ADC6003B8677 /* MagicalRecord+ShorthandSupport.m */; };
		A03D91951A31ADC6003B8677 /* MagicalRecord.m in Sources */ = {isa = PBXBuildFile; fileRef = A03D91771A31ADC6003B8677 /* MagicalRecord.m */; };
		A03D92041A31C5E0003B8677 /* DialogueMessage.m in Sources */ = {isa = PBXBuildFile; fileRef = A03D92031A31C5E0003B8677 /* DialogueMessage.m */; };
		A03D920A1A31C5E1003B8677 /* Character.m in Sources */ = {isa = PBXBuildFile; fileRef = A03D92091A31C5E1003B8677 /* Character.m */; };
		A03D921F1A31E46A003B8677 /* ONGClueDetailsViewController.m in Sources */ = {isa = PBXBuildFile; fileRef = A03D921E1A31E46A003B8677 /* ONGClueDetailsViewController.m */; };
		C12D0EEF19F6D4AA00EA2B26 /* main.m in Sources */ = {isa = PBXBuildFile; fileRef = C12D0EEE19F6D4AA00EA2B26 /* main.m */; };
		C12D0EF219F6D4AA00EA2B26 /* AppDelegate.m in Sources */ = {isa = PBXBuildFile; fileRef = C12D0EF119F6D4AA00EA2B26 /* AppDelegate.m */; };
		C12D0EF519F6D4AA00EA2B26 /* XT641539.xcdatamodeld in Sources */ = {isa = PBXBuildFile; fileRef = C12D0EF319F6D4AA00EA2B26 /* XT641539.xcdatamodeld */; };
		C12D0EFB19F6D4AA00EA2B26 /* Main.storyboard in Resources */ = {isa = PBXBuildFile; fileRef = C12D0EF919F6D4AA00EA2B26 /* Main.storyboard */; };
		C12D0EFD19F6D4AA00EA2B26 /* Images.xcassets in Resources */ = {isa = PBXBuildFile; fileRef = C12D0EFC19F6D4AA00EA2B26 /* Images.xcassets */; };
		C12D0F0019F6D4AA00EA2B26 /* LaunchScreen.xib in Resources */ = {isa = PBXBuildFile; fileRef = C12D0EFE19F6D4AA00EA2B26 /* LaunchScreen.xib */; };
		C12D0F0C19F6D4AA00EA2B26 /* XT641539Tests.m in Sources */ = {isa = PBXBuildFile; fileRef = C12D0F0B19F6D4AA00EA2B26 /* XT641539Tests.m */; };
		C12D0F1F19F6D61B00EA2B26 /* ONGHomeViewController.m in Sources */ = {isa = PBXBuildFile; fileRef = C12D0F1E19F6D61B00EA2B26 /* ONGHomeViewController.m */; };
		C12D0F2319F6DAD200EA2B26 /* ONGCluesViewController.m in Sources */ = {isa = PBXBuildFile; fileRef = C12D0F2219F6DAD200EA2B26 /* ONGCluesViewController.m */; };
		C12D0F2719F6DAEB00EA2B26 /* ONGDialogueViewController.m in Sources */ = {isa = PBXBuildFile; fileRef = C12D0F2619F6DAEB00EA2B26 /* ONGDialogueViewController.m */; };
		C12D0F2C19F6DB1000EA2B26 /* ONGWhudunnitViewController.m in Sources */ = {isa = PBXBuildFile; fileRef = C12D0F2B19F6DB1000EA2B26 /* ONGWhudunnitViewController.m */; };
		C89A2E0219FC3F3800650370 /* ONGCharacterSelectionViewController.m in Sources */ = {isa = PBXBuildFile; fileRef = C89A2E0119FC3F3800650370 /* ONGCharacterSelectionViewController.m */; };
		C89A2E0619FC416000650370 /* ONGCharacterTableViewCell.m in Sources */ = {isa = PBXBuildFile; fileRef = C89A2E0519FC416000650370 /* ONGCharacterTableViewCell.m */; };
		C89A306F19FC698600650370 /* sampleServerResponse.json in Resources */ = {isa = PBXBuildFile; fileRef = C89A306E19FC698600650370 /* sampleServerResponse.json */; };
		C89A307219FC6B2D00650370 /* Character+Extended.m in Sources */ = {isa = PBXBuildFile; fileRef = C89A307119FC6B2D00650370 /* Character+Extended.m */; };
		C89A30B719FC7A4500650370 /* Clue+Extended.m in Sources */ = {isa = PBXBuildFile; fileRef = C89A30B619FC7A4500650370 /* Clue+Extended.m */; };
		D90431491A3119E100D9E398 /* AnagramViewController.m in Sources */ = {isa = PBXBuildFile; fileRef = D90431481A3119E100D9E398 /* AnagramViewController.m */; };
		D904314B1A312ACA00D9E398 /* anagrams.plist in Resources */ = {isa = PBXBuildFile; fileRef = D904314A1A312ACA00D9E398 /* anagrams.plist */; };
		D90431591A313AF900D9E398 /* TileView.m in Sources */ = {isa = PBXBuildFile; fileRef = D90431581A313AF900D9E398 /* TileView.m */; };
		D904315F1A313BD500D9E398 /* slot.png in Resources */ = {isa = PBXBuildFile; fileRef = D904315B1A313BD500D9E398 /* slot.png */; };
		D90431601A313BD500D9E398 /* slot@2x.png in Resources */ = {isa = PBXBuildFile; fileRef = D904315C1A313BD500D9E398 /* slot@2x.png */; };
		D90431611A313BD500D9E398 /* tile.png in Resources */ = {isa = PBXBuildFile; fileRef = D904315D1A313BD500D9E398 /* tile.png */; };
		D90431621A313BD500D9E398 /* tile@2x.png in Resources */ = {isa = PBXBuildFile; fileRef = D904315E1A313BD500D9E398 /* tile@2x.png */; };
		D90431651A31416100D9E398 /* TargetView.m in Sources */ = {isa = PBXBuildFile; fileRef = D90431641A31416100D9E398 /* TargetView.m */; };
		D9BBC3141A319030002566DD /* Utils.m in Sources */ = {isa = PBXBuildFile; fileRef = D9BBC3131A319030002566DD /* Utils.m */; };
		D9E929EE1A34F393009F5B98 /* ExplodeView.m in Sources */ = {isa = PBXBuildFile; fileRef = D9E929ED1A34F393009F5B98 /* ExplodeView.m */; };
		D9E929F11A34F4AD009F5B98 /* StarDustView.m in Sources */ = {isa = PBXBuildFile; fileRef = D9E929F01A34F4AD009F5B98 /* StarDustView.m */; };
		D9E929F31A34F736009F5B98 /* particle.png in Resources */ = {isa = PBXBuildFile; fileRef = D9E929F21A34F736009F5B98 /* particle.png */; };
		D9E929F91A350DDE009F5B98 /* Clue.m in Sources */ = {isa = PBXBuildFile; fileRef = D9E929F81A350DDE009F5B98 /* Clue.m */; };
		D9E92A001A351B94009F5B98 /* notebook.png in Resources */ = {isa = PBXBuildFile; fileRef = D9E929FF1A351B94009F5B98 /* notebook.png */; };
/* End PBXBuildFile section */

/* Begin PBXContainerItemProxy section */
		C12D0F0619F6D4AA00EA2B26 /* PBXContainerItemProxy */ = {
			isa = PBXContainerItemProxy;
			containerPortal = C12D0EE119F6D4AA00EA2B26 /* Project object */;
			proxyType = 1;
			remoteGlobalIDString = C12D0EE819F6D4AA00EA2B26;
			remoteInfo = XT641539;
		};
/* End PBXContainerItemProxy section */

/* Begin PBXFileReference section */
		3125C1CB19FD878F00576334 /* ONGDialogueMessagesViewController.h */ = {isa = PBXFileReference; fileEncoding = 4; lastKnownFileType = sourcecode.c.h; name = ONGDialogueMessagesViewController.h; path = ViewControllers/ONGDialogueMessagesViewController.h; sourceTree = "<group>"; };
		3125C1CC19FD878F00576334 /* ONGDialogueMessagesViewController.m */ = {isa = PBXFileReference; fileEncoding = 4; lastKnownFileType = sourcecode.c.objc; name = ONGDialogueMessagesViewController.m; path = ViewControllers/ONGDialogueMessagesViewController.m; sourceTree = "<group>"; };
		3125C1CE19FD89C500576334 /* ONGDialogueMEssageTableViewCell.h */ = {isa = PBXFileReference; fileEncoding = 4; lastKnownFileType = sourcecode.c.h; name = ONGDialogueMEssageTableViewCell.h; path = "ViewControllers/Custom Views/ONGDialogueMEssageTableViewCell.h"; sourceTree = "<group>"; };
		3125C1CF19FD89C500576334 /* ONGDialogueMEssageTableViewCell.m */ = {isa = PBXFileReference; fileEncoding = 4; lastKnownFileType = sourcecode.c.objc; name = ONGDialogueMEssageTableViewCell.m; path = "ViewControllers/Custom Views/ONGDialogueMEssageTableViewCell.m"; sourceTree = "<group>"; };
		3125C1F219FDCBB800576334 /* ONGClueTableViewCell.h */ = {isa = PBXFileReference; fileEncoding = 4; lastKnownFileType = sourcecode.c.h; name = ONGClueTableViewCell.h; path = "ViewControllers/Custom Views/ONGClueTableViewCell.h"; sourceTree = "<group>"; };
		3125C1F319FDCBB800576334 /* ONGClueTableViewCell.m */ = {isa = PBXFileReference; fileEncoding = 4; lastKnownFileType = sourcecode.c.objc; name = ONGClueTableViewCell.m; path = "ViewControllers/Custom Views/ONGClueTableViewCell.m"; sourceTree = "<group>"; };
		3125C21019FDD19400576334 /* ONGUtils.h */ = {isa = PBXFileReference; fileEncoding = 4; lastKnownFileType = sourcecode.c.h; path = ONGUtils.h; sourceTree = "<group>"; };
		3125C21119FDD19400576334 /* ONGUtils.m */ = {isa = PBXFileReference; fileEncoding = 4; lastKnownFileType = sourcecode.c.objc; path = ONGUtils.m; sourceTree = "<group>"; };
		A03D91411A31ADC6003B8677 /* MagicalImportFunctions.h */ = {isa = PBXFileReference; fileEncoding = 4; lastKnownFileType = sourcecode.c.h; path = MagicalImportFunctions.h; sourceTree = "<group>"; };
		A03D91421A31ADC6003B8677 /* MagicalImportFunctions.m */ = {isa = PBXFileReference; fileEncoding = 4; lastKnownFileType = sourcecode.c.objc; path = MagicalImportFunctions.m; sourceTree = "<group>"; };
		A03D91431A31ADC6003B8677 /* NSAttributeDescription+MagicalDataImport.h */ = {isa = PBXFileReference; fileEncoding = 4; lastKnownFileType = sourcecode.c.h; path = "NSAttributeDescription+MagicalDataImport.h"; sourceTree = "<group>"; };
		A03D91441A31ADC6003B8677 /* NSAttributeDescription+MagicalDataImport.m */ = {isa = PBXFileReference; fileEncoding = 4; lastKnownFileType = sourcecode.c.objc; path = "NSAttributeDescription+MagicalDataImport.m"; sourceTree = "<group>"; };
		A03D91451A31ADC6003B8677 /* NSEntityDescription+MagicalDataImport.h */ = {isa = PBXFileReference; fileEncoding = 4; lastKnownFileType = sourcecode.c.h; path = "NSEntityDescription+MagicalDataImport.h"; sourceTree = "<group>"; };
		A03D91461A31ADC6003B8677 /* NSEntityDescription+MagicalDataImport.m */ = {isa = PBXFileReference; fileEncoding = 4; lastKnownFileType = sourcecode.c.objc; path = "NSEntityDescription+MagicalDataImport.m"; sourceTree = "<group>"; };
		A03D91471A31ADC6003B8677 /* NSNumber+MagicalDataImport.h */ = {isa = PBXFileReference; fileEncoding = 4; lastKnownFileType = sourcecode.c.h; path = "NSNumber+MagicalDataImport.h"; sourceTree = "<group>"; };
		A03D91481A31ADC6003B8677 /* NSNumber+MagicalDataImport.m */ = {isa = PBXFileReference; fileEncoding = 4; lastKnownFileType = sourcecode.c.objc; path = "NSNumber+MagicalDataImport.m"; sourceTree = "<group>"; };
		A03D91491A31ADC6003B8677 /* NSObject+MagicalDataImport.h */ = {isa = PBXFileReference; fileEncoding = 4; lastKnownFileType = sourcecode.c.h; path = "NSObject+MagicalDataImport.h"; sourceTree = "<group>"; };
		A03D914A1A31ADC6003B8677 /* NSObject+MagicalDataImport.m */ = {isa = PBXFileReference; fileEncoding = 4; lastKnownFileType = sourcecode.c.objc; path = "NSObject+MagicalDataImport.m"; sourceTree = "<group>"; };
		A03D914B1A31ADC6003B8677 /* NSRelationshipDescription+MagicalDataImport.h */ = {isa = PBXFileReference; fileEncoding = 4; lastKnownFileType = sourcecode.c.h; path = "NSRelationshipDescription+MagicalDataImport.h"; sourceTree = "<group>"; };
		A03D914C1A31ADC6003B8677 /* NSRelationshipDescription+MagicalDataImport.m */ = {isa = PBXFileReference; fileEncoding = 4; lastKnownFileType = sourcecode.c.objc; path = "NSRelationshipDescription+MagicalDataImport.m"; sourceTree = "<group>"; };
		A03D914D1A31ADC6003B8677 /* NSString+MagicalDataImport.h */ = {isa = PBXFileReference; fileEncoding = 4; lastKnownFileType = sourcecode.c.h; path = "NSString+MagicalDataImport.h"; sourceTree = "<group>"; };
		A03D914E1A31ADC6003B8677 /* NSString+MagicalDataImport.m */ = {isa = PBXFileReference; fileEncoding = 4; lastKnownFileType = sourcecode.c.objc; path = "NSString+MagicalDataImport.m"; sourceTree = "<group>"; };
		A03D91501A31ADC6003B8677 /* NSManagedObject+MagicalAggregation.h */ = {isa = PBXFileReference; fileEncoding = 4; lastKnownFileType = sourcecode.c.h; path = "NSManagedObject+MagicalAggregation.h"; sourceTree = "<group>"; };
		A03D91511A31ADC6003B8677 /* NSManagedObject+MagicalAggregation.m */ = {isa = PBXFileReference; fileEncoding = 4; lastKnownFileType = sourcecode.c.objc; path = "NSManagedObject+MagicalAggregation.m"; sourceTree = "<group>"; };
		A03D91521A31ADC6003B8677 /* NSManagedObject+MagicalDataImport.h */ = {isa = PBXFileReference; fileEncoding = 4; lastKnownFileType = sourcecode.c.h; path = "NSManagedObject+MagicalDataImport.h"; sourceTree = "<group>"; };
		A03D91531A31ADC6003B8677 /* NSManagedObject+MagicalDataImport.m */ = {isa = PBXFileReference; fileEncoding = 4; lastKnownFileType = sourcecode.c.objc; path = "NSManagedObject+MagicalDataImport.m"; sourceTree = "<group>"; };
		A03D91541A31ADC6003B8677 /* NSManagedObject+MagicalFinders.h */ = {isa = PBXFileReference; fileEncoding = 4; lastKnownFileType = sourcecode.c.h; path = "NSManagedObject+MagicalFinders.h"; sourceTree = "<group>"; };
		A03D91551A31ADC6003B8677 /* NSManagedObject+MagicalFinders.m */ = {isa = PBXFileReference; fileEncoding = 4; lastKnownFileType = sourcecode.c.objc; path = "NSManagedObject+MagicalFinders.m"; sourceTree = "<group>"; };
		A03D91561A31ADC6003B8677 /* NSManagedObject+MagicalRecord.h */ = {isa = PBXFileReference; fileEncoding = 4; lastKnownFileType = sourcecode.c.h; path = "NSManagedObject+MagicalRecord.h"; sourceTree = "<group>"; };
		A03D91571A31ADC6003B8677 /* NSManagedObject+MagicalRecord.m */ = {isa = PBXFileReference; fileEncoding = 4; lastKnownFileType = sourcecode.c.objc; path = "NSManagedObject+MagicalRecord.m"; sourceTree = "<group>"; };
		A03D91581A31ADC6003B8677 /* NSManagedObject+MagicalRequests.h */ = {isa = PBXFileReference; fileEncoding = 4; lastKnownFileType = sourcecode.c.h; path = "NSManagedObject+MagicalRequests.h"; sourceTree = "<group>"; };
		A03D91591A31ADC6003B8677 /* NSManagedObject+MagicalRequests.m */ = {isa = PBXFileReference; fileEncoding = 4; lastKnownFileType = sourcecode.c.objc; path = "NSManagedObject+MagicalRequests.m"; sourceTree = "<group>"; };
		A03D915B1A31ADC6003B8677 /* NSManagedObjectContext+MagicalObserving.h */ = {isa = PBXFileReference; fileEncoding = 4; lastKnownFileType = sourcecode.c.h; path = "NSManagedObjectContext+MagicalObserving.h"; sourceTree = "<group>"; };
		A03D915C1A31ADC6003B8677 /* NSManagedObjectContext+MagicalObserving.m */ = {isa = PBXFileReference; fileEncoding = 4; lastKnownFileType = sourcecode.c.objc; path = "NSManagedObjectContext+MagicalObserving.m"; sourceTree = "<group>"; };
		A03D915D1A31ADC6003B8677 /* NSManagedObjectContext+MagicalRecord.h */ = {isa = PBXFileReference; fileEncoding = 4; lastKnownFileType = sourcecode.c.h; path = "NSManagedObjectContext+MagicalRecord.h"; sourceTree = "<group>"; };
		A03D915E1A31ADC6003B8677 /* NSManagedObjectContext+MagicalRecord.m */ = {isa = PBXFileReference; fileEncoding = 4; lastKnownFileType = sourcecode.c.objc; path = "NSManagedObjectContext+MagicalRecord.m"; sourceTree = "<group>"; };
		A03D915F1A31ADC6003B8677 /* NSManagedObjectContext+MagicalSaves.h */ = {isa = PBXFileReference; fileEncoding = 4; lastKnownFileType = sourcecode.c.h; path = "NSManagedObjectContext+MagicalSaves.h"; sourceTree = "<group>"; };
		A03D91601A31ADC6003B8677 /* NSManagedObjectContext+MagicalSaves.m */ = {isa = PBXFileReference; fileEncoding = 4; lastKnownFileType = sourcecode.c.objc; path = "NSManagedObjectContext+MagicalSaves.m"; sourceTree = "<group>"; };
		A03D91611A31ADC6003B8677 /* NSManagedObjectContext+MagicalThreading.h */ = {isa = PBXFileReference; fileEncoding = 4; lastKnownFileType = sourcecode.c.h; path = "NSManagedObjectContext+MagicalThreading.h"; sourceTree = "<group>"; };
		A03D91621A31ADC6003B8677 /* NSManagedObjectContext+MagicalThreading.m */ = {isa = PBXFileReference; fileEncoding = 4; lastKnownFileType = sourcecode.c.objc; path = "NSManagedObjectContext+MagicalThreading.m"; sourceTree = "<group>"; };
		A03D91631A31ADC6003B8677 /* NSManagedObjectModel+MagicalRecord.h */ = {isa = PBXFileReference; fileEncoding = 4; lastKnownFileType = sourcecode.c.h; path = "NSManagedObjectModel+MagicalRecord.h"; sourceTree = "<group>"; };
		A03D91641A31ADC6003B8677 /* NSManagedObjectModel+MagicalRecord.m */ = {isa = PBXFileReference; fileEncoding = 4; lastKnownFileType = sourcecode.c.objc; path = "NSManagedObjectModel+MagicalRecord.m"; sourceTree = "<group>"; };
		A03D91651A31ADC6003B8677 /* NSPersistentStore+MagicalRecord.h */ = {isa = PBXFileReference; fileEncoding = 4; lastKnownFileType = sourcecode.c.h; path = "NSPersistentStore+MagicalRecord.h"; sourceTree = "<group>"; };
		A03D91661A31ADC6003B8677 /* NSPersistentStore+MagicalRecord.m */ = {isa = PBXFileReference; fileEncoding = 4; lastKnownFileType = sourcecode.c.objc; path = "NSPersistentStore+MagicalRecord.m"; sourceTree = "<group>"; };
		A03D91671A31ADC6003B8677 /* NSPersistentStoreCoordinator+MagicalRecord.h */ = {isa = PBXFileReference; fileEncoding = 4; lastKnownFileType = sourcecode.c.h; path = "NSPersistentStoreCoordinator+MagicalRecord.h"; sourceTree = "<group>"; };
		A03D91681A31ADC6003B8677 /* NSPersistentStoreCoordinator+MagicalRecord.m */ = {isa = PBXFileReference; fileEncoding = 4; lastKnownFileType = sourcecode.c.objc; path = "NSPersistentStoreCoordinator+MagicalRecord.m"; sourceTree = "<group>"; };
		A03D916A1A31ADC6003B8677 /* MagicalRecord+Actions.h */ = {isa = PBXFileReference; fileEncoding = 4; lastKnownFileType = sourcecode.c.h; path = "MagicalRecord+Actions.h"; sourceTree = "<group>"; };
		A03D916B1A31ADC6003B8677 /* MagicalRecord+Actions.m */ = {isa = PBXFileReference; fileEncoding = 4; lastKnownFileType = sourcecode.c.objc; path = "MagicalRecord+Actions.m"; sourceTree = "<group>"; };
		A03D916C1A31ADC6003B8677 /* MagicalRecord+ErrorHandling.h */ = {isa = PBXFileReference; fileEncoding = 4; lastKnownFileType = sourcecode.c.h; path = "MagicalRecord+ErrorHandling.h"; sourceTree = "<group>"; };
		A03D916D1A31ADC6003B8677 /* MagicalRecord+ErrorHandling.m */ = {isa = PBXFileReference; fileEncoding = 4; lastKnownFileType = sourcecode.c.objc; path = "MagicalRecord+ErrorHandling.m"; sourceTree = "<group>"; };
		A03D916E1A31ADC6003B8677 /* MagicalRecord+iCloud.h */ = {isa = PBXFileReference; fileEncoding = 4; lastKnownFileType = sourcecode.c.h; path = "MagicalRecord+iCloud.h"; sourceTree = "<group>"; };
		A03D916F1A31ADC6003B8677 /* MagicalRecord+iCloud.m */ = {isa = PBXFileReference; fileEncoding = 4; lastKnownFileType = sourcecode.c.objc; path = "MagicalRecord+iCloud.m"; sourceTree = "<group>"; };
		A03D91701A31ADC6003B8677 /* MagicalRecord+Options.h */ = {isa = PBXFileReference; fileEncoding = 4; lastKnownFileType = sourcecode.c.h; path = "MagicalRecord+Options.h"; sourceTree = "<group>"; };
		A03D91711A31ADC6003B8677 /* MagicalRecord+Options.m */ = {isa = PBXFileReference; fileEncoding = 4; lastKnownFileType = sourcecode.c.objc; path = "MagicalRecord+Options.m"; sourceTree = "<group>"; };
		A03D91721A31ADC6003B8677 /* MagicalRecord+Setup.h */ = {isa = PBXFileReference; fileEncoding = 4; lastKnownFileType = sourcecode.c.h; path = "MagicalRecord+Setup.h"; sourceTree = "<group>"; };
		A03D91731A31ADC6003B8677 /* MagicalRecord+Setup.m */ = {isa = PBXFileReference; fileEncoding = 4; lastKnownFileType = sourcecode.c.objc; path = "MagicalRecord+Setup.m"; sourceTree = "<group>"; };
		A03D91741A31ADC6003B8677 /* MagicalRecord+ShorthandSupport.h */ = {isa = PBXFileReference; fileEncoding = 4; lastKnownFileType = sourcecode.c.h; path = "MagicalRecord+ShorthandSupport.h"; sourceTree = "<group>"; };
		A03D91751A31ADC6003B8677 /* MagicalRecord+ShorthandSupport.m */ = {isa = PBXFileReference; fileEncoding = 4; lastKnownFileType = sourcecode.c.objc; path = "MagicalRecord+ShorthandSupport.m"; sourceTree = "<group>"; };
		A03D91761A31ADC6003B8677 /* MagicalRecord.h */ = {isa = PBXFileReference; fileEncoding = 4; lastKnownFileType = sourcecode.c.h; path = MagicalRecord.h; sourceTree = "<group>"; };
		A03D91771A31ADC6003B8677 /* MagicalRecord.m */ = {isa = PBXFileReference; fileEncoding = 4; lastKnownFileType = sourcecode.c.objc; path = MagicalRecord.m; sourceTree = "<group>"; };
		A03D91781A31ADC6003B8677 /* MagicalRecordDeprecated.h */ = {isa = PBXFileReference; fileEncoding = 4; lastKnownFileType = sourcecode.c.h; path = MagicalRecordDeprecated.h; sourceTree = "<group>"; };
		A03D91791A31ADC6003B8677 /* MagicalRecordLogging.h */ = {isa = PBXFileReference; fileEncoding = 4; lastKnownFileType = sourcecode.c.h; path = MagicalRecordLogging.h; sourceTree = "<group>"; };
		A03D917A1A31ADC6003B8677 /* MagicalRecordShorthand.h */ = {isa = PBXFileReference; fileEncoding = 4; lastKnownFileType = sourcecode.c.h; path = MagicalRecordShorthand.h; sourceTree = "<group>"; };
		A03D917B1A31ADC6003B8677 /* CoreData+MagicalRecord.h */ = {isa = PBXFileReference; fileEncoding = 4; lastKnownFileType = sourcecode.c.h; path = "CoreData+MagicalRecord.h"; sourceTree = "<group>"; };
		A03D92021A31C5E0003B8677 /* DialogueMessage.h */ = {isa = PBXFileReference; fileEncoding = 4; lastKnownFileType = sourcecode.c.h; path = DialogueMessage.h; sourceTree = "<group>"; };
		A03D92031A31C5E0003B8677 /* DialogueMessage.m */ = {isa = PBXFileReference; fileEncoding = 4; lastKnownFileType = sourcecode.c.objc; path = DialogueMessage.m; sourceTree = "<group>"; };
		A03D92081A31C5E1003B8677 /* Character.h */ = {isa = PBXFileReference; fileEncoding = 4; lastKnownFileType = sourcecode.c.h; path = Character.h; sourceTree = "<group>"; };
		A03D92091A31C5E1003B8677 /* Character.m */ = {isa = PBXFileReference; fileEncoding = 4; lastKnownFileType = sourcecode.c.objc; path = Character.m; sourceTree = "<group>"; };
		A03D921D1A31E46A003B8677 /* ONGClueDetailsViewController.h */ = {isa = PBXFileReference; fileEncoding = 4; lastKnownFileType = sourcecode.c.h; name = ONGClueDetailsViewController.h; path = ViewControllers/ONGClueDetailsViewController.h; sourceTree = "<group>"; };
		A03D921E1A31E46A003B8677 /* ONGClueDetailsViewController.m */ = {isa = PBXFileReference; fileEncoding = 4; lastKnownFileType = sourcecode.c.objc; name = ONGClueDetailsViewController.m; path = ViewControllers/ONGClueDetailsViewController.m; sourceTree = "<group>"; };
		C12D0EE919F6D4AA00EA2B26 /* Orange.app */ = {isa = PBXFileReference; explicitFileType = wrapper.application; includeInIndex = 0; path = Orange.app; sourceTree = BUILT_PRODUCTS_DIR; };
		C12D0EED19F6D4AA00EA2B26 /* Info.plist */ = {isa = PBXFileReference; lastKnownFileType = text.plist.xml; path = Info.plist; sourceTree = "<group>"; };
		C12D0EEE19F6D4AA00EA2B26 /* main.m */ = {isa = PBXFileReference; lastKnownFileType = sourcecode.c.objc; path = main.m; sourceTree = "<group>"; };
		C12D0EF019F6D4AA00EA2B26 /* AppDelegate.h */ = {isa = PBXFileReference; lastKnownFileType = sourcecode.c.h; path = AppDelegate.h; sourceTree = "<group>"; };
		C12D0EF119F6D4AA00EA2B26 /* AppDelegate.m */ = {isa = PBXFileReference; lastKnownFileType = sourcecode.c.objc; path = AppDelegate.m; sourceTree = "<group>"; };
		C12D0EF419F6D4AA00EA2B26 /* XT641539.xcdatamodel */ = {isa = PBXFileReference; lastKnownFileType = wrapper.xcdatamodel; path = XT641539.xcdatamodel; sourceTree = "<group>"; };
		C12D0EFA19F6D4AA00EA2B26 /* Base */ = {isa = PBXFileReference; lastKnownFileType = file.storyboard; name = Base; path = Base.lproj/Main.storyboard; sourceTree = "<group>"; };
		C12D0EFC19F6D4AA00EA2B26 /* Images.xcassets */ = {isa = PBXFileReference; lastKnownFileType = folder.assetcatalog; path = Images.xcassets; sourceTree = "<group>"; };
		C12D0EFF19F6D4AA00EA2B26 /* Base */ = {isa = PBXFileReference; lastKnownFileType = file.xib; name = Base; path = Base.lproj/LaunchScreen.xib; sourceTree = "<group>"; };
		C12D0F0519F6D4AA00EA2B26 /* OrangeTests.xctest */ = {isa = PBXFileReference; explicitFileType = wrapper.cfbundle; includeInIndex = 0; path = OrangeTests.xctest; sourceTree = BUILT_PRODUCTS_DIR; };
		C12D0F0A19F6D4AA00EA2B26 /* Info.plist */ = {isa = PBXFileReference; lastKnownFileType = text.plist.xml; path = Info.plist; sourceTree = "<group>"; };
		C12D0F0B19F6D4AA00EA2B26 /* XT641539Tests.m */ = {isa = PBXFileReference; lastKnownFileType = sourcecode.c.objc; path = XT641539Tests.m; sourceTree = "<group>"; };
		C12D0F1D19F6D61B00EA2B26 /* ONGHomeViewController.h */ = {isa = PBXFileReference; fileEncoding = 4; lastKnownFileType = sourcecode.c.h; name = ONGHomeViewController.h; path = ViewControllers/ONGHomeViewController.h; sourceTree = "<group>"; };
		C12D0F1E19F6D61B00EA2B26 /* ONGHomeViewController.m */ = {isa = PBXFileReference; fileEncoding = 4; lastKnownFileType = sourcecode.c.objc; name = ONGHomeViewController.m; path = ViewControllers/ONGHomeViewController.m; sourceTree = "<group>"; };
		C12D0F2119F6DAD200EA2B26 /* ONGCluesViewController.h */ = {isa = PBXFileReference; fileEncoding = 4; lastKnownFileType = sourcecode.c.h; name = ONGCluesViewController.h; path = ViewControllers/ONGCluesViewController.h; sourceTree = "<group>"; };
		C12D0F2219F6DAD200EA2B26 /* ONGCluesViewController.m */ = {isa = PBXFileReference; fileEncoding = 4; lastKnownFileType = sourcecode.c.objc; name = ONGCluesViewController.m; path = ViewControllers/ONGCluesViewController.m; sourceTree = "<group>"; };
		C12D0F2519F6DAEB00EA2B26 /* ONGDialogueViewController.h */ = {isa = PBXFileReference; fileEncoding = 4; lastKnownFileType = sourcecode.c.h; name = ONGDialogueViewController.h; path = ViewControllers/ONGDialogueViewController.h; sourceTree = "<group>"; };
		C12D0F2619F6DAEB00EA2B26 /* ONGDialogueViewController.m */ = {isa = PBXFileReference; fileEncoding = 4; lastKnownFileType = sourcecode.c.objc; name = ONGDialogueViewController.m; path = ViewControllers/ONGDialogueViewController.m; sourceTree = "<group>"; };
		C12D0F2A19F6DB1000EA2B26 /* ONGWhudunnitViewController.h */ = {isa = PBXFileReference; fileEncoding = 4; lastKnownFileType = sourcecode.c.h; name = ONGWhudunnitViewController.h; path = ViewControllers/ONGWhudunnitViewController.h; sourceTree = "<group>"; };
		C12D0F2B19F6DB1000EA2B26 /* ONGWhudunnitViewController.m */ = {isa = PBXFileReference; fileEncoding = 4; lastKnownFileType = sourcecode.c.objc; name = ONGWhudunnitViewController.m; path = ViewControllers/ONGWhudunnitViewController.m; sourceTree = "<group>"; };
		C89A2E0019FC3F3800650370 /* ONGCharacterSelectionViewController.h */ = {isa = PBXFileReference; fileEncoding = 4; lastKnownFileType = sourcecode.c.h; name = ONGCharacterSelectionViewController.h; path = ViewControllers/ONGCharacterSelectionViewController.h; sourceTree = "<group>"; };
		C89A2E0119FC3F3800650370 /* ONGCharacterSelectionViewController.m */ = {isa = PBXFileReference; fileEncoding = 4; lastKnownFileType = sourcecode.c.objc; name = ONGCharacterSelectionViewController.m; path = ViewControllers/ONGCharacterSelectionViewController.m; sourceTree = "<group>"; };
		C89A2E0419FC416000650370 /* ONGCharacterTableViewCell.h */ = {isa = PBXFileReference; fileEncoding = 4; lastKnownFileType = sourcecode.c.h; name = ONGCharacterTableViewCell.h; path = "ViewControllers/Custom Views/ONGCharacterTableViewCell.h"; sourceTree = "<group>"; };
		C89A2E0519FC416000650370 /* ONGCharacterTableViewCell.m */ = {isa = PBXFileReference; fileEncoding = 4; lastKnownFileType = sourcecode.c.objc; name = ONGCharacterTableViewCell.m; path = "ViewControllers/Custom Views/ONGCharacterTableViewCell.m"; sourceTree = "<group>"; };
		C89A2E0719FC51DB00650370 /* XT641539.pch */ = {isa = PBXFileReference; lastKnownFileType = sourcecode.c.h; path = XT641539.pch; sourceTree = "<group>"; };
		C89A306E19FC698600650370 /* sampleServerResponse.json */ = {isa = PBXFileReference; fileEncoding = 4; lastKnownFileType = text.json; path = sampleServerResponse.json; sourceTree = "<group>"; };
		C89A307019FC6B2D00650370 /* Character+Extended.h */ = {isa = PBXFileReference; fileEncoding = 4; lastKnownFileType = sourcecode.c.h; path = "Character+Extended.h"; sourceTree = "<group>"; };
		C89A307119FC6B2D00650370 /* Character+Extended.m */ = {isa = PBXFileReference; fileEncoding = 4; lastKnownFileType = sourcecode.c.objc; path = "Character+Extended.m"; sourceTree = "<group>"; };
		C89A30B519FC7A4500650370 /* Clue+Extended.h */ = {isa = PBXFileReference; fileEncoding = 4; lastKnownFileType = sourcecode.c.h; path = "Clue+Extended.h"; sourceTree = "<group>"; };
		C89A30B619FC7A4500650370 /* Clue+Extended.m */ = {isa = PBXFileReference; fileEncoding = 4; lastKnownFileType = sourcecode.c.objc; path = "Clue+Extended.m"; sourceTree = "<group>"; };
		D90431471A3119E100D9E398 /* AnagramViewController.h */ = {isa = PBXFileReference; fileEncoding = 4; lastKnownFileType = sourcecode.c.h; name = AnagramViewController.h; path = ViewControllers/AnagramViewController.h; sourceTree = "<group>"; };
		D90431481A3119E100D9E398 /* AnagramViewController.m */ = {isa = PBXFileReference; fileEncoding = 4; lastKnownFileType = sourcecode.c.objc; name = AnagramViewController.m; path = ViewControllers/AnagramViewController.m; sourceTree = "<group>"; };
		D904314A1A312ACA00D9E398 /* anagrams.plist */ = {isa = PBXFileReference; fileEncoding = 4; lastKnownFileType = text.plist.xml; path = anagrams.plist; sourceTree = "<group>"; };
		D90431571A313AF900D9E398 /* TileView.h */ = {isa = PBXFileReference; fileEncoding = 4; lastKnownFileType = sourcecode.c.h; name = TileView.h; path = ViewControllers/TileView.h; sourceTree = "<group>"; };
		D90431581A313AF900D9E398 /* TileView.m */ = {isa = PBXFileReference; fileEncoding = 4; lastKnownFileType = sourcecode.c.objc; name = TileView.m; path = ViewControllers/TileView.m; sourceTree = "<group>"; };
		D904315B1A313BD500D9E398 /* slot.png */ = {isa = PBXFileReference; lastKnownFileType = image.png; path = slot.png; sourceTree = "<group>"; };
		D904315C1A313BD500D9E398 /* slot@2x.png */ = {isa = PBXFileReference; lastKnownFileType = image.png; path = "slot@2x.png"; sourceTree = "<group>"; };
		D904315D1A313BD500D9E398 /* tile.png */ = {isa = PBXFileReference; lastKnownFileType = image.png; path = tile.png; sourceTree = "<group>"; };
		D904315E1A313BD500D9E398 /* tile@2x.png */ = {isa = PBXFileReference; lastKnownFileType = image.png; path = "tile@2x.png"; sourceTree = "<group>"; };
		D90431631A31416100D9E398 /* TargetView.h */ = {isa = PBXFileReference; fileEncoding = 4; lastKnownFileType = sourcecode.c.h; name = TargetView.h; path = ViewControllers/TargetView.h; sourceTree = "<group>"; };
		D90431641A31416100D9E398 /* TargetView.m */ = {isa = PBXFileReference; fileEncoding = 4; lastKnownFileType = sourcecode.c.objc; name = TargetView.m; path = ViewControllers/TargetView.m; sourceTree = "<group>"; };
		D9BBC3121A319030002566DD /* Utils.h */ = {isa = PBXFileReference; fileEncoding = 4; lastKnownFileType = sourcecode.c.h; path = Utils.h; sourceTree = "<group>"; };
		D9BBC3131A319030002566DD /* Utils.m */ = {isa = PBXFileReference; fileEncoding = 4; lastKnownFileType = sourcecode.c.objc; path = Utils.m; sourceTree = "<group>"; };
		D9E929EC1A34F393009F5B98 /* ExplodeView.h */ = {isa = PBXFileReference; fileEncoding = 4; lastKnownFileType = sourcecode.c.h; name = ExplodeView.h; path = ViewControllers/ExplodeView.h; sourceTree = "<group>"; };
		D9E929ED1A34F393009F5B98 /* ExplodeView.m */ = {isa = PBXFileReference; fileEncoding = 4; lastKnownFileType = sourcecode.c.objc; name = ExplodeView.m; path = ViewControllers/ExplodeView.m; sourceTree = "<group>"; };
		D9E929EF1A34F4AD009F5B98 /* StarDustView.h */ = {isa = PBXFileReference; fileEncoding = 4; lastKnownFileType = sourcecode.c.h; name = StarDustView.h; path = ViewControllers/StarDustView.h; sourceTree = "<group>"; };
		D9E929F01A34F4AD009F5B98 /* StarDustView.m */ = {isa = PBXFileReference; fileEncoding = 4; lastKnownFileType = sourcecode.c.objc; name = StarDustView.m; path = ViewControllers/StarDustView.m; sourceTree = "<group>"; };
		D9E929F21A34F736009F5B98 /* particle.png */ = {isa = PBXFileReference; lastKnownFileType = image.png; path = particle.png; sourceTree = "<group>"; };
		D9E929F71A350DDE009F5B98 /* Clue.h */ = {isa = PBXFileReference; fileEncoding = 4; lastKnownFileType = sourcecode.c.h; path = Clue.h; sourceTree = "<group>"; };
		D9E929F81A350DDE009F5B98 /* Clue.m */ = {isa = PBXFileReference; fileEncoding = 4; lastKnownFileType = sourcecode.c.objc; path = Clue.m; sourceTree = "<group>"; };
		D9E929FF1A351B94009F5B98 /* notebook.png */ = {isa = PBXFileReference; lastKnownFileType = image.png; path = notebook.png; sourceTree = "<group>"; };
/* End PBXFileReference section */

/* Begin PBXFrameworksBuildPhase section */
		C12D0EE619F6D4AA00EA2B26 /* Frameworks */ = {
			isa = PBXFrameworksBuildPhase;
			buildActionMask = 2147483647;
			files = (
			);
			runOnlyForDeploymentPostprocessing = 0;
		};
		C12D0F0219F6D4AA00EA2B26 /* Frameworks */ = {
			isa = PBXFrameworksBuildPhase;
			buildActionMask = 2147483647;
			files = (
			);
			runOnlyForDeploymentPostprocessing = 0;
		};
/* End PBXFrameworksBuildPhase section */

/* Begin PBXGroup section */
		A03D913E1A31ADC6003B8677 /* MagicalRecord */ = {
			isa = PBXGroup;
			children = (
				A03D913F1A31ADC6003B8677 /* Categories */,
				A03D91691A31ADC6003B8677 /* Core */,
				A03D917B1A31ADC6003B8677 /* CoreData+MagicalRecord.h */,
			);
			path = MagicalRecord;
			sourceTree = "<group>";
		};
		A03D913F1A31ADC6003B8677 /* Categories */ = {
			isa = PBXGroup;
			children = (
				A03D91401A31ADC6003B8677 /* DataImport */,
				A03D914F1A31ADC6003B8677 /* NSManagedObject */,
				A03D915A1A31ADC6003B8677 /* NSManagedObjectContext */,
				A03D91631A31ADC6003B8677 /* NSManagedObjectModel+MagicalRecord.h */,
				A03D91641A31ADC6003B8677 /* NSManagedObjectModel+MagicalRecord.m */,
				A03D91651A31ADC6003B8677 /* NSPersistentStore+MagicalRecord.h */,
				A03D91661A31ADC6003B8677 /* NSPersistentStore+MagicalRecord.m */,
				A03D91671A31ADC6003B8677 /* NSPersistentStoreCoordinator+MagicalRecord.h */,
				A03D91681A31ADC6003B8677 /* NSPersistentStoreCoordinator+MagicalRecord.m */,
			);
			path = Categories;
			sourceTree = "<group>";
		};
		A03D91401A31ADC6003B8677 /* DataImport */ = {
			isa = PBXGroup;
			children = (
				A03D91411A31ADC6003B8677 /* MagicalImportFunctions.h */,
				A03D91421A31ADC6003B8677 /* MagicalImportFunctions.m */,
				A03D91431A31ADC6003B8677 /* NSAttributeDescription+MagicalDataImport.h */,
				A03D91441A31ADC6003B8677 /* NSAttributeDescription+MagicalDataImport.m */,
				A03D91451A31ADC6003B8677 /* NSEntityDescription+MagicalDataImport.h */,
				A03D91461A31ADC6003B8677 /* NSEntityDescription+MagicalDataImport.m */,
				A03D91471A31ADC6003B8677 /* NSNumber+MagicalDataImport.h */,
				A03D91481A31ADC6003B8677 /* NSNumber+MagicalDataImport.m */,
				A03D91491A31ADC6003B8677 /* NSObject+MagicalDataImport.h */,
				A03D914A1A31ADC6003B8677 /* NSObject+MagicalDataImport.m */,
				A03D914B1A31ADC6003B8677 /* NSRelationshipDescription+MagicalDataImport.h */,
				A03D914C1A31ADC6003B8677 /* NSRelationshipDescription+MagicalDataImport.m */,
				A03D914D1A31ADC6003B8677 /* NSString+MagicalDataImport.h */,
				A03D914E1A31ADC6003B8677 /* NSString+MagicalDataImport.m */,
			);
			path = DataImport;
			sourceTree = "<group>";
		};
		A03D914F1A31ADC6003B8677 /* NSManagedObject */ = {
			isa = PBXGroup;
			children = (
				A03D91501A31ADC6003B8677 /* NSManagedObject+MagicalAggregation.h */,
				A03D91511A31ADC6003B8677 /* NSManagedObject+MagicalAggregation.m */,
				A03D91521A31ADC6003B8677 /* NSManagedObject+MagicalDataImport.h */,
				A03D91531A31ADC6003B8677 /* NSManagedObject+MagicalDataImport.m */,
				A03D91541A31ADC6003B8677 /* NSManagedObject+MagicalFinders.h */,
				A03D91551A31ADC6003B8677 /* NSManagedObject+MagicalFinders.m */,
				A03D91561A31ADC6003B8677 /* NSManagedObject+MagicalRecord.h */,
				A03D91571A31ADC6003B8677 /* NSManagedObject+MagicalRecord.m */,
				A03D91581A31ADC6003B8677 /* NSManagedObject+MagicalRequests.h */,
				A03D91591A31ADC6003B8677 /* NSManagedObject+MagicalRequests.m */,
			);
			path = NSManagedObject;
			sourceTree = "<group>";
		};
		A03D915A1A31ADC6003B8677 /* NSManagedObjectContext */ = {
			isa = PBXGroup;
			children = (
				A03D915B1A31ADC6003B8677 /* NSManagedObjectContext+MagicalObserving.h */,
				A03D915C1A31ADC6003B8677 /* NSManagedObjectContext+MagicalObserving.m */,
				A03D915D1A31ADC6003B8677 /* NSManagedObjectContext+MagicalRecord.h */,
				A03D915E1A31ADC6003B8677 /* NSManagedObjectContext+MagicalRecord.m */,
				A03D915F1A31ADC6003B8677 /* NSManagedObjectContext+MagicalSaves.h */,
				A03D91601A31ADC6003B8677 /* NSManagedObjectContext+MagicalSaves.m */,
				A03D91611A31ADC6003B8677 /* NSManagedObjectContext+MagicalThreading.h */,
				A03D91621A31ADC6003B8677 /* NSManagedObjectContext+MagicalThreading.m */,
			);
			path = NSManagedObjectContext;
			sourceTree = "<group>";
		};
		A03D91691A31ADC6003B8677 /* Core */ = {
			isa = PBXGroup;
			children = (
				A03D916A1A31ADC6003B8677 /* MagicalRecord+Actions.h */,
				A03D916B1A31ADC6003B8677 /* MagicalRecord+Actions.m */,
				A03D916C1A31ADC6003B8677 /* MagicalRecord+ErrorHandling.h */,
				A03D916D1A31ADC6003B8677 /* MagicalRecord+ErrorHandling.m */,
				A03D916E1A31ADC6003B8677 /* MagicalRecord+iCloud.h */,
				A03D916F1A31ADC6003B8677 /* MagicalRecord+iCloud.m */,
				A03D91701A31ADC6003B8677 /* MagicalRecord+Options.h */,
				A03D91711A31ADC6003B8677 /* MagicalRecord+Options.m */,
				A03D91721A31ADC6003B8677 /* MagicalRecord+Setup.h */,
				A03D91731A31ADC6003B8677 /* MagicalRecord+Setup.m */,
				A03D91741A31ADC6003B8677 /* MagicalRecord+ShorthandSupport.h */,
				A03D91751A31ADC6003B8677 /* MagicalRecord+ShorthandSupport.m */,
				A03D91761A31ADC6003B8677 /* MagicalRecord.h */,
				A03D91771A31ADC6003B8677 /* MagicalRecord.m */,
				A03D91781A31ADC6003B8677 /* MagicalRecordDeprecated.h */,
				A03D91791A31ADC6003B8677 /* MagicalRecordLogging.h */,
				A03D917A1A31ADC6003B8677 /* MagicalRecordShorthand.h */,
			);
			path = Core;
			sourceTree = "<group>";
		};
		C12D0EE019F6D4AA00EA2B26 = {
			isa = PBXGroup;
			children = (
				C12D0EEB19F6D4AA00EA2B26 /* XT641539 */,
				C12D0F0819F6D4AA00EA2B26 /* XT641539Tests */,
				C12D0EEA19F6D4AA00EA2B26 /* Products */,
			);
			sourceTree = "<group>";
		};
		C12D0EEA19F6D4AA00EA2B26 /* Products */ = {
			isa = PBXGroup;
			children = (
				C12D0EE919F6D4AA00EA2B26 /* Orange.app */,
				C12D0F0519F6D4AA00EA2B26 /* OrangeTests.xctest */,
			);
			name = Products;
			sourceTree = "<group>";
		};
		C12D0EEB19F6D4AA00EA2B26 /* XT641539 */ = {
			isa = PBXGroup;
			children = (
				D9BBC3111A319030002566DD /* Utils */,
				D904315A1A313BD500D9E398 /* Images */,
				C89A2E0819FC550100650370 /* lib */,
				C12D0F1A19F6D53E00EA2B26 /* Assets */,
				C12D0F1919F6D53600EA2B26 /* Storyboards */,
				C12D0F1819F6D52C00EA2B26 /* Model */,
				C12D0F1519F6D4E600EA2B26 /* Application Delegate */,
				C12D0F1619F6D4F500EA2B26 /* ViewControllers */,
				C12D0EEC19F6D4AA00EA2B26 /* Supporting Files */,
			);
			path = XT641539;
			sourceTree = "<group>";
		};
		C12D0EEC19F6D4AA00EA2B26 /* Supporting Files */ = {
			isa = PBXGroup;
			children = (
				C12D0EED19F6D4AA00EA2B26 /* Info.plist */,
				C12D0EEE19F6D4AA00EA2B26 /* main.m */,
				C89A2E0719FC51DB00650370 /* XT641539.pch */,
			);
			name = "Supporting Files";
			sourceTree = "<group>";
		};
		C12D0F0819F6D4AA00EA2B26 /* XT641539Tests */ = {
			isa = PBXGroup;
			children = (
				C12D0F0B19F6D4AA00EA2B26 /* XT641539Tests.m */,
				C12D0F0919F6D4AA00EA2B26 /* Supporting Files */,
			);
			path = XT641539Tests;
			sourceTree = "<group>";
		};
		C12D0F0919F6D4AA00EA2B26 /* Supporting Files */ = {
			isa = PBXGroup;
			children = (
				C12D0F0A19F6D4AA00EA2B26 /* Info.plist */,
			);
			name = "Supporting Files";
			sourceTree = "<group>";
		};
		C12D0F1519F6D4E600EA2B26 /* Application Delegate */ = {
			isa = PBXGroup;
			children = (
				C12D0EF019F6D4AA00EA2B26 /* AppDelegate.h */,
				C12D0EF119F6D4AA00EA2B26 /* AppDelegate.m */,
			);
			name = "Application Delegate";
			sourceTree = "<group>";
		};
		C12D0F1619F6D4F500EA2B26 /* ViewControllers */ = {
			isa = PBXGroup;
			children = (
				C12D0F2819F6DAEF00EA2B26 /* Dialogue */,
				C12D0F2019F6DAB400EA2B26 /* Home Screen */,
				C89A2E0319FC3F3C00650370 /* Character Selection */,
				C12D0F2419F6DAD600EA2B26 /* Clues Tab */,
				C12D0F2D19F6DB1400EA2B26 /* Whodunnit */,
			);
			name = ViewControllers;
			sourceTree = "<group>";
		};
		C12D0F1819F6D52C00EA2B26 /* Model */ = {
			isa = PBXGroup;
			children = (
				C12D0EF319F6D4AA00EA2B26 /* XT641539.xcdatamodeld */,
				C89A306D19FC63AF00650370 /* Categories */,
				C89A304E19FC637800650370 /* Subclass */,
			);
			name = Model;
			sourceTree = "<group>";
		};
		C12D0F1919F6D53600EA2B26 /* Storyboards */ = {
			isa = PBXGroup;
			children = (
				C12D0EF919F6D4AA00EA2B26 /* Main.storyboard */,
				C12D0EFE19F6D4AA00EA2B26 /* LaunchScreen.xib */,
			);
			name = Storyboards;
			sourceTree = "<group>";
		};
		C12D0F1A19F6D53E00EA2B26 /* Assets */ = {
			isa = PBXGroup;
			children = (
				D904314A1A312ACA00D9E398 /* anagrams.plist */,
				C89A306E19FC698600650370 /* sampleServerResponse.json */,
				C12D0EFC19F6D4AA00EA2B26 /* Images.xcassets */,
			);
			name = Assets;
			sourceTree = "<group>";
		};
		C12D0F2019F6DAB400EA2B26 /* Home Screen */ = {
			isa = PBXGroup;
			children = (
				C12D0F1D19F6D61B00EA2B26 /* ONGHomeViewController.h */,
				C12D0F1E19F6D61B00EA2B26 /* ONGHomeViewController.m */,
			);
			name = "Home Screen";
			sourceTree = "<group>";
		};
		C12D0F2419F6DAD600EA2B26 /* Clues Tab */ = {
			isa = PBXGroup;
			children = (
				C12D0F2119F6DAD200EA2B26 /* ONGCluesViewController.h */,
				C12D0F2219F6DAD200EA2B26 /* ONGCluesViewController.m */,
				3125C1F219FDCBB800576334 /* ONGClueTableViewCell.h */,
				3125C1F319FDCBB800576334 /* ONGClueTableViewCell.m */,
				D90431471A3119E100D9E398 /* AnagramViewController.h */,
				D90431481A3119E100D9E398 /* AnagramViewController.m */,
				D90431571A313AF900D9E398 /* TileView.h */,
				D90431581A313AF900D9E398 /* TileView.m */,
				D90431631A31416100D9E398 /* TargetView.h */,
				D90431641A31416100D9E398 /* TargetView.m */,
				A03D921D1A31E46A003B8677 /* ONGClueDetailsViewController.h */,
				A03D921E1A31E46A003B8677 /* ONGClueDetailsViewController.m */,
				D9E929EC1A34F393009F5B98 /* ExplodeView.h */,
				D9E929ED1A34F393009F5B98 /* ExplodeView.m */,
				D9E929EF1A34F4AD009F5B98 /* StarDustView.h */,
				D9E929F01A34F4AD009F5B98 /* StarDustView.m */,
			);
			name = "Clues Tab";
			sourceTree = "<group>";
		};
		C12D0F2819F6DAEF00EA2B26 /* Dialogue */ = {
			isa = PBXGroup;
			children = (
				C12D0F2519F6DAEB00EA2B26 /* ONGDialogueViewController.h */,
				C12D0F2619F6DAEB00EA2B26 /* ONGDialogueViewController.m */,
				3125C1CB19FD878F00576334 /* ONGDialogueMessagesViewController.h */,
				3125C1CC19FD878F00576334 /* ONGDialogueMessagesViewController.m */,
				3125C1CE19FD89C500576334 /* ONGDialogueMEssageTableViewCell.h */,
				3125C1CF19FD89C500576334 /* ONGDialogueMEssageTableViewCell.m */,
			);
			name = Dialogue;
			sourceTree = "<group>";
		};
		C12D0F2D19F6DB1400EA2B26 /* Whodunnit */ = {
			isa = PBXGroup;
			children = (
				C12D0F2A19F6DB1000EA2B26 /* ONGWhudunnitViewController.h */,
				C12D0F2B19F6DB1000EA2B26 /* ONGWhudunnitViewController.m */,
			);
			name = Whodunnit;
			sourceTree = "<group>";
		};
		C89A2E0319FC3F3C00650370 /* Character Selection */ = {
			isa = PBXGroup;
			children = (
				C89A2E0019FC3F3800650370 /* ONGCharacterSelectionViewController.h */,
				C89A2E0119FC3F3800650370 /* ONGCharacterSelectionViewController.m */,
				C89A2E0419FC416000650370 /* ONGCharacterTableViewCell.h */,
				C89A2E0519FC416000650370 /* ONGCharacterTableViewCell.m */,
			);
			name = "Character Selection";
			sourceTree = "<group>";
		};
		C89A2E0819FC550100650370 /* lib */ = {
			isa = PBXGroup;
			children = (
				A03D913E1A31ADC6003B8677 /* MagicalRecord */,
				3125C21019FDD19400576334 /* ONGUtils.h */,
				3125C21119FDD19400576334 /* ONGUtils.m */,
			);
			path = lib;
			sourceTree = "<group>";
		};
		C89A304E19FC637800650370 /* Subclass */ = {
			isa = PBXGroup;
			children = (
				D9E929F71A350DDE009F5B98 /* Clue.h */,
				D9E929F81A350DDE009F5B98 /* Clue.m */,
				A03D92081A31C5E1003B8677 /* Character.h */,
				A03D92091A31C5E1003B8677 /* Character.m */,
				A03D92021A31C5E0003B8677 /* DialogueMessage.h */,
				A03D92031A31C5E0003B8677 /* DialogueMessage.m */,
			);
			name = Subclass;
			path = Model/Subclass;
			sourceTree = "<group>";
		};
		C89A306D19FC63AF00650370 /* Categories */ = {
			isa = PBXGroup;
			children = (
				C89A307019FC6B2D00650370 /* Character+Extended.h */,
				C89A307119FC6B2D00650370 /* Character+Extended.m */,
				C89A30B519FC7A4500650370 /* Clue+Extended.h */,
				C89A30B619FC7A4500650370 /* Clue+Extended.m */,
			);
			name = Categories;
			path = Model/Categories;
			sourceTree = "<group>";
		};
		D904315A1A313BD500D9E398 /* Images */ = {
			isa = PBXGroup;
			children = (
				D9E929F21A34F736009F5B98 /* particle.png */,
				D9E929FF1A351B94009F5B98 /* notebook.png */,
				D904315B1A313BD500D9E398 /* slot.png */,
				D904315C1A313BD500D9E398 /* slot@2x.png */,
				D904315D1A313BD500D9E398 /* tile.png */,
				D904315E1A313BD500D9E398 /* tile@2x.png */,
			);
			path = Images;
			sourceTree = "<group>";
		};
		D9BBC3111A319030002566DD /* Utils */ = {
			isa = PBXGroup;
			children = (
				D9BBC3121A319030002566DD /* Utils.h */,
				D9BBC3131A319030002566DD /* Utils.m */,
			);
			path = Utils;
			sourceTree = "<group>";
		};
/* End PBXGroup section */

/* Begin PBXNativeTarget section */
		C12D0EE819F6D4AA00EA2B26 /* Orange */ = {
			isa = PBXNativeTarget;
			buildConfigurationList = C12D0F0F19F6D4AA00EA2B26 /* Build configuration list for PBXNativeTarget "Orange" */;
			buildPhases = (
				C12D0EE519F6D4AA00EA2B26 /* Sources */,
				C12D0EE619F6D4AA00EA2B26 /* Frameworks */,
				C12D0EE719F6D4AA00EA2B26 /* Resources */,
			);
			buildRules = (
			);
			dependencies = (
			);
			name = Orange;
			productName = XT641539;
			productReference = C12D0EE919F6D4AA00EA2B26 /* Orange.app */;
			productType = "com.apple.product-type.application";
		};
		C12D0F0419F6D4AA00EA2B26 /* OrangeTests */ = {
			isa = PBXNativeTarget;
			buildConfigurationList = C12D0F1219F6D4AA00EA2B26 /* Build configuration list for PBXNativeTarget "OrangeTests" */;
			buildPhases = (
				C12D0F0119F6D4AA00EA2B26 /* Sources */,
				C12D0F0219F6D4AA00EA2B26 /* Frameworks */,
				C12D0F0319F6D4AA00EA2B26 /* Resources */,
			);
			buildRules = (
			);
			dependencies = (
				C12D0F0719F6D4AA00EA2B26 /* PBXTargetDependency */,
			);
			name = OrangeTests;
			productName = XT641539Tests;
			productReference = C12D0F0519F6D4AA00EA2B26 /* OrangeTests.xctest */;
			productType = "com.apple.product-type.bundle.unit-test";
		};
/* End PBXNativeTarget section */

/* Begin PBXProject section */
		C12D0EE119F6D4AA00EA2B26 /* Project object */ = {
			isa = PBXProject;
			attributes = {
				LastUpgradeCheck = 0600;
				ORGANIZATIONNAME = Orange;
				TargetAttributes = {
					C12D0EE819F6D4AA00EA2B26 = {
						CreatedOnToolsVersion = 6.0.1;
					};
					C12D0F0419F6D4AA00EA2B26 = {
						CreatedOnToolsVersion = 6.0.1;
						TestTargetID = C12D0EE819F6D4AA00EA2B26;
					};
				};
			};
			buildConfigurationList = C12D0EE419F6D4AA00EA2B26 /* Build configuration list for PBXProject "XT641539" */;
			compatibilityVersion = "Xcode 3.2";
			developmentRegion = English;
			hasScannedForEncodings = 0;
			knownRegions = (
				en,
				Base,
			);
			mainGroup = C12D0EE019F6D4AA00EA2B26;
			productRefGroup = C12D0EEA19F6D4AA00EA2B26 /* Products */;
			projectDirPath = "";
			projectRoot = "";
			targets = (
				C12D0EE819F6D4AA00EA2B26 /* Orange */,
				C12D0F0419F6D4AA00EA2B26 /* OrangeTests */,
			);
		};
/* End PBXProject section */

/* Begin PBXResourcesBuildPhase section */
		C12D0EE719F6D4AA00EA2B26 /* Resources */ = {
			isa = PBXResourcesBuildPhase;
			buildActionMask = 2147483647;
			files = (
				D904314B1A312ACA00D9E398 /* anagrams.plist in Resources */,
				D90431611A313BD500D9E398 /* tile.png in Resources */,
				C12D0EFB19F6D4AA00EA2B26 /* Main.storyboard in Resources */,
				C89A306F19FC698600650370 /* sampleServerResponse.json in Resources */,
				D90431601A313BD500D9E398 /* slot@2x.png in Resources */,
				D9E929F31A34F736009F5B98 /* particle.png in Resources */,
				D9E92A001A351B94009F5B98 /* notebook.png in Resources */,
				D90431621A313BD500D9E398 /* tile@2x.png in Resources */,
				C12D0F0019F6D4AA00EA2B26 /* LaunchScreen.xib in Resources */,
				C12D0EFD19F6D4AA00EA2B26 /* Images.xcassets in Resources */,
				D904315F1A313BD500D9E398 /* slot.png in Resources */,
			);
			runOnlyForDeploymentPostprocessing = 0;
		};
		C12D0F0319F6D4AA00EA2B26 /* Resources */ = {
			isa = PBXResourcesBuildPhase;
			buildActionMask = 2147483647;
			files = (
			);
			runOnlyForDeploymentPostprocessing = 0;
		};
/* End PBXResourcesBuildPhase section */

/* Begin PBXSourcesBuildPhase section */
		C12D0EE519F6D4AA00EA2B26 /* Sources */ = {
			isa = PBXSourcesBuildPhase;
			buildActionMask = 2147483647;
			files = (
				C12D0F2C19F6DB1000EA2B26 /* ONGWhudunnitViewController.m in Sources */,
				A03D91821A31ADC6003B8677 /* NSString+MagicalDataImport.m in Sources */,
				C12D0EF219F6D4AA00EA2B26 /* AppDelegate.m in Sources */,
				A03D918A1A31ADC6003B8677 /* NSManagedObjectContext+MagicalSaves.m in Sources */,
				A03D918D1A31ADC6003B8677 /* NSPersistentStore+MagicalRecord.m in Sources */,
				C12D0F2319F6DAD200EA2B26 /* ONGCluesViewController.m in Sources */,
				A03D91851A31ADC6003B8677 /* NSManagedObject+MagicalFinders.m in Sources */,
				D90431491A3119E100D9E398 /* AnagramViewController.m in Sources */,
				A03D91801A31ADC6003B8677 /* NSObject+MagicalDataImport.m in Sources */,
				C12D0EF519F6D4AA00EA2B26 /* XT641539.xcdatamodeld in Sources */,
				A03D918B1A31ADC6003B8677 /* NSManagedObjectContext+MagicalThreading.m in Sources */,
				C89A30B719FC7A4500650370 /* Clue+Extended.m in Sources */,
				A03D91951A31ADC6003B8677 /* MagicalRecord.m in Sources */,
				A03D917F1A31ADC6003B8677 /* NSNumber+MagicalDataImport.m in Sources */,
				D9E929EE1A34F393009F5B98 /* ExplodeView.m in Sources */,
				D9BBC3141A319030002566DD /* Utils.m in Sources */,
				A03D91921A31ADC6003B8677 /* MagicalRecord+Options.m in Sources */,
				A03D920A1A31C5E1003B8677 /* Character.m in Sources */,
				A03D92041A31C5E0003B8677 /* DialogueMessage.m in Sources */,
				C12D0F1F19F6D61B00EA2B26 /* ONGHomeViewController.m in Sources */,
				3125C1D019FD89C500576334 /* ONGDialogueMEssageTableViewCell.m in Sources */,
				D9E929F11A34F4AD009F5B98 /* StarDustView.m in Sources */,
				C89A307219FC6B2D00650370 /* Character+Extended.m in Sources */,
				3125C1F419FDCBB800576334 /* ONGClueTableViewCell.m in Sources */,
				3125C21219FDD19400576334 /* ONGUtils.m in Sources */,
				A03D91931A31ADC6003B8677 /* MagicalRecord+Setup.m in Sources */,
				A03D91831A31ADC6003B8677 /* NSManagedObject+MagicalAggregation.m in Sources */,
				A03D917C1A31ADC6003B8677 /* MagicalImportFunctions.m in Sources */,
				C12D0EEF19F6D4AA00EA2B26 /* main.m in Sources */,
				3125C1CD19FD878F00576334 /* ONGDialogueMessagesViewController.m in Sources */,
				D90431591A313AF900D9E398 /* TileView.m in Sources */,
				A03D91871A31ADC6003B8677 /* NSManagedObject+MagicalRequests.m in Sources */,
				A03D921F1A31E46A003B8677 /* ONGClueDetailsViewController.m in Sources */,
				A03D91941A31ADC6003B8677 /* MagicalRecord+ShorthandSupport.m in Sources */,
				A03D91891A31ADC6003B8677 /* NSManagedObjectContext+MagicalRecord.m in Sources */,
				A03D917D1A31ADC6003B8677 /* NSAttributeDescription+MagicalDataImport.m in Sources */,
				A03D91881A31ADC6003B8677 /* NSManagedObjectContext+MagicalObserving.m in Sources */,
				A03D91901A31ADC6003B8677 /* MagicalRecord+ErrorHandling.m in Sources */,
				D9E929F91A350DDE009F5B98 /* Clue.m in Sources */,
				A03D91861A31ADC6003B8677 /* NSManagedObject+MagicalRecord.m in Sources */,
				D90431651A31416100D9E398 /* TargetView.m in Sources */,
				A03D91841A31ADC6003B8677 /* NSManagedObject+MagicalDataImport.m in Sources */,
				C89A2E0219FC3F3800650370 /* ONGCharacterSelectionViewController.m in Sources */,
				C89A2E0619FC416000650370 /* ONGCharacterTableViewCell.m in Sources */,
				A03D91911A31ADC6003B8677 /* MagicalRecord+iCloud.m in Sources */,
				A03D918E1A31ADC6003B8677 /* NSPersistentStoreCoordinator+MagicalRecord.m in Sources */,
				A03D918F1A31ADC6003B8677 /* MagicalRecord+Actions.m in Sources */,
				A03D917E1A31ADC6003B8677 /* NSEntityDescription+MagicalDataImport.m in Sources */,
				A03D918C1A31ADC6003B8677 /* NSManagedObjectModel+MagicalRecord.m in Sources */,
				C12D0F2719F6DAEB00EA2B26 /* ONGDialogueViewController.m in Sources */,
				A03D91811A31ADC6003B8677 /* NSRelationshipDescription+MagicalDataImport.m in Sources */,
			);
			runOnlyForDeploymentPostprocessing = 0;
		};
		C12D0F0119F6D4AA00EA2B26 /* Sources */ = {
			isa = PBXSourcesBuildPhase;
			buildActionMask = 2147483647;
			files = (
				C12D0F0C19F6D4AA00EA2B26 /* XT641539Tests.m in Sources */,
			);
			runOnlyForDeploymentPostprocessing = 0;
		};
/* End PBXSourcesBuildPhase section */

/* Begin PBXTargetDependency section */
		C12D0F0719F6D4AA00EA2B26 /* PBXTargetDependency */ = {
			isa = PBXTargetDependency;
			target = C12D0EE819F6D4AA00EA2B26 /* Orange */;
			targetProxy = C12D0F0619F6D4AA00EA2B26 /* PBXContainerItemProxy */;
		};
/* End PBXTargetDependency section */

/* Begin PBXVariantGroup section */
		C12D0EF919F6D4AA00EA2B26 /* Main.storyboard */ = {
			isa = PBXVariantGroup;
			children = (
				C12D0EFA19F6D4AA00EA2B26 /* Base */,
			);
			name = Main.storyboard;
			sourceTree = "<group>";
		};
		C12D0EFE19F6D4AA00EA2B26 /* LaunchScreen.xib */ = {
			isa = PBXVariantGroup;
			children = (
				C12D0EFF19F6D4AA00EA2B26 /* Base */,
			);
			name = LaunchScreen.xib;
			sourceTree = "<group>";
		};
/* End PBXVariantGroup section */

/* Begin XCBuildConfiguration section */
		C12D0F0D19F6D4AA00EA2B26 /* Debug */ = {
			isa = XCBuildConfiguration;
			buildSettings = {
				ALWAYS_SEARCH_USER_PATHS = NO;
				CLANG_CXX_LANGUAGE_STANDARD = "gnu++0x";
				CLANG_CXX_LIBRARY = "libc++";
				CLANG_ENABLE_MODULES = YES;
				CLANG_ENABLE_OBJC_ARC = YES;
				CLANG_WARN_BOOL_CONVERSION = YES;
				CLANG_WARN_CONSTANT_CONVERSION = YES;
				CLANG_WARN_DIRECT_OBJC_ISA_USAGE = YES_ERROR;
				CLANG_WARN_EMPTY_BODY = YES;
				CLANG_WARN_ENUM_CONVERSION = YES;
				CLANG_WARN_INT_CONVERSION = YES;
				CLANG_WARN_OBJC_ROOT_CLASS = YES_ERROR;
				CLANG_WARN_UNREACHABLE_CODE = YES;
				CLANG_WARN__DUPLICATE_METHOD_MATCH = YES;
				CODE_SIGN_IDENTITY = "iPhone Developer: Vinai Suresh (TBAU8K9P67)";
				"CODE_SIGN_IDENTITY[sdk=iphoneos*]" = "iPhone Developer";
				COPY_PHASE_STRIP = NO;
				ENABLE_STRICT_OBJC_MSGSEND = YES;
				GCC_C_LANGUAGE_STANDARD = gnu99;
				GCC_DYNAMIC_NO_PIC = NO;
				GCC_INCREASE_PRECOMPILED_HEADER_SHARING = NO;
				GCC_OPTIMIZATION_LEVEL = 0;
				GCC_PREPROCESSOR_DEFINITIONS = (
					"DEBUG=1",
					"$(inherited)",
				);
				GCC_SYMBOLS_PRIVATE_EXTERN = NO;
				GCC_WARN_64_TO_32_BIT_CONVERSION = YES;
				GCC_WARN_ABOUT_RETURN_TYPE = YES_ERROR;
				GCC_WARN_UNDECLARED_SELECTOR = YES;
				GCC_WARN_UNINITIALIZED_AUTOS = YES_AGGRESSIVE;
				GCC_WARN_UNUSED_FUNCTION = YES;
				GCC_WARN_UNUSED_VARIABLE = YES;
				IPHONEOS_DEPLOYMENT_TARGET = 8.0;
				MTL_ENABLE_DEBUG_INFO = YES;
				ONLY_ACTIVE_ARCH = YES;
				SDKROOT = iphoneos8.1;
				TARGETED_DEVICE_FAMILY = "1,2";
			};
			name = Debug;
		};
		C12D0F0E19F6D4AA00EA2B26 /* Release */ = {
			isa = XCBuildConfiguration;
			buildSettings = {
				ALWAYS_SEARCH_USER_PATHS = NO;
				CLANG_CXX_LANGUAGE_STANDARD = "gnu++0x";
				CLANG_CXX_LIBRARY = "libc++";
				CLANG_ENABLE_MODULES = YES;
				CLANG_ENABLE_OBJC_ARC = YES;
				CLANG_WARN_BOOL_CONVERSION = YES;
				CLANG_WARN_CONSTANT_CONVERSION = YES;
				CLANG_WARN_DIRECT_OBJC_ISA_USAGE = YES_ERROR;
				CLANG_WARN_EMPTY_BODY = YES;
				CLANG_WARN_ENUM_CONVERSION = YES;
				CLANG_WARN_INT_CONVERSION = YES;
				CLANG_WARN_OBJC_ROOT_CLASS = YES_ERROR;
				CLANG_WARN_UNREACHABLE_CODE = YES;
				CLANG_WARN__DUPLICATE_METHOD_MATCH = YES;
				CODE_SIGN_IDENTITY = "iPhone Developer: Vinai Suresh (TBAU8K9P67)";
				"CODE_SIGN_IDENTITY[sdk=iphoneos*]" = "iPhone Developer";
				COPY_PHASE_STRIP = YES;
				ENABLE_NS_ASSERTIONS = NO;
				ENABLE_STRICT_OBJC_MSGSEND = YES;
				GCC_C_LANGUAGE_STANDARD = gnu99;
				GCC_INCREASE_PRECOMPILED_HEADER_SHARING = NO;
				GCC_WARN_64_TO_32_BIT_CONVERSION = YES;
				GCC_WARN_ABOUT_RETURN_TYPE = YES_ERROR;
				GCC_WARN_UNDECLARED_SELECTOR = YES;
				GCC_WARN_UNINITIALIZED_AUTOS = YES_AGGRESSIVE;
				GCC_WARN_UNUSED_FUNCTION = YES;
				GCC_WARN_UNUSED_VARIABLE = YES;
				IPHONEOS_DEPLOYMENT_TARGET = 8.0;
				MTL_ENABLE_DEBUG_INFO = NO;
				SDKROOT = iphoneos8.1;
				TARGETED_DEVICE_FAMILY = "1,2";
				VALIDATE_PRODUCT = YES;
			};
			name = Release;
		};
		C12D0F1019F6D4AA00EA2B26 /* Debug */ = {
			isa = XCBuildConfiguration;
			buildSettings = {
				ASSETCATALOG_COMPILER_APPICON_NAME = AppIcon;
				GCC_INCREASE_PRECOMPILED_HEADER_SHARING = NO;
				GCC_PREFIX_HEADER = XT641539/XT641539.pch;
				HEADER_SEARCH_PATHS = (
					"$(inherited)",
					/Applications/Xcode.app/Contents/Developer/Toolchains/XcodeDefault.xctoolchain/usr/include,
					"$(SRCROOT)/**",
					Macintosh,
					"HD/Users/pampam/Documents/Orange/Orange-iOS/XT641539/XT641539/lib",
				);
				INFOPLIST_FILE = XT641539/Info.plist;
				IPHONEOS_DEPLOYMENT_TARGET = 7.1;
				LD_RUNPATH_SEARCH_PATHS = "$(inherited) @executable_path/Frameworks";
				PRODUCT_NAME = "$(TARGET_NAME)";
				USER_HEADER_SEARCH_PATHS = "$(SRCROOT)/**";
			};
			name = Debug;
		};
		C12D0F1119F6D4AA00EA2B26 /* Release */ = {
			isa = XCBuildConfiguration;
			buildSettings = {
				ASSETCATALOG_COMPILER_APPICON_NAME = AppIcon;
				GCC_INCREASE_PRECOMPILED_HEADER_SHARING = NO;
				GCC_PREFIX_HEADER = XT641539/XT641539.pch;
				HEADER_SEARCH_PATHS = (
					"$(inherited)",
					/Applications/Xcode.app/Contents/Developer/Toolchains/XcodeDefault.xctoolchain/usr/include,
					"$(SRCROOT)/**",
				);
				INFOPLIST_FILE = XT641539/Info.plist;
				IPHONEOS_DEPLOYMENT_TARGET = 7.1;
				LD_RUNPATH_SEARCH_PATHS = "$(inherited) @executable_path/Frameworks";
				PRODUCT_NAME = "$(TARGET_NAME)";
				USER_HEADER_SEARCH_PATHS = "$(SRCROOT)/**";
			};
			name = Release;
		};
		C12D0F1319F6D4AA00EA2B26 /* Debug */ = {
			isa = XCBuildConfiguration;
			buildSettings = {
				BUNDLE_LOADER = "$(TEST_HOST)";
				FRAMEWORK_SEARCH_PATHS = (
					"$(SDKROOT)/Developer/Library/Frameworks",
					"$(inherited)",
				);
				GCC_PREPROCESSOR_DEFINITIONS = (
					"DEBUG=1",
					"$(inherited)",
				);
				INFOPLIST_FILE = XT641539Tests/Info.plist;
				LD_RUNPATH_SEARCH_PATHS = "$(inherited) @executable_path/Frameworks @loader_path/Frameworks";
				PRODUCT_NAME = "$(TARGET_NAME)";
				TEST_HOST = "$(BUILT_PRODUCTS_DIR)/XT641539.app/XT641539";
			};
			name = Debug;
		};
		C12D0F1419F6D4AA00EA2B26 /* Release */ = {
			isa = XCBuildConfiguration;
			buildSettings = {
				BUNDLE_LOADER = "$(TEST_HOST)";
				FRAMEWORK_SEARCH_PATHS = (
					"$(SDKROOT)/Developer/Library/Frameworks",
					"$(inherited)",
				);
				INFOPLIST_FILE = XT641539Tests/Info.plist;
				LD_RUNPATH_SEARCH_PATHS = "$(inherited) @executable_path/Frameworks @loader_path/Frameworks";
				PRODUCT_NAME = "$(TARGET_NAME)";
				TEST_HOST = "$(BUILT_PRODUCTS_DIR)/XT641539.app/XT641539";
			};
			name = Release;
		};
/* End XCBuildConfiguration section */

/* Begin XCConfigurationList section */
		C12D0EE419F6D4AA00EA2B26 /* Build configuration list for PBXProject "XT641539" */ = {
			isa = XCConfigurationList;
			buildConfigurations = (
				C12D0F0D19F6D4AA00EA2B26 /* Debug */,
				C12D0F0E19F6D4AA00EA2B26 /* Release */,
			);
			defaultConfigurationIsVisible = 0;
			defaultConfigurationName = Release;
		};
		C12D0F0F19F6D4AA00EA2B26 /* Build configuration list for PBXNativeTarget "Orange" */ = {
			isa = XCConfigurationList;
			buildConfigurations = (
				C12D0F1019F6D4AA00EA2B26 /* Debug */,
				C12D0F1119F6D4AA00EA2B26 /* Release */,
			);
			defaultConfigurationIsVisible = 0;
			defaultConfigurationName = Release;
		};
		C12D0F1219F6D4AA00EA2B26 /* Build configuration list for PBXNativeTarget "OrangeTests" */ = {
			isa = XCConfigurationList;
			buildConfigurations = (
				C12D0F1319F6D4AA00EA2B26 /* Debug */,
				C12D0F1419F6D4AA00EA2B26 /* Release */,
			);
			defaultConfigurationIsVisible = 0;
			defaultConfigurationName = Release;
		};
/* End XCConfigurationList section */

/* Begin XCVersionGroup section */
		C12D0EF319F6D4AA00EA2B26 /* XT641539.xcdatamodeld */ = {
			isa = XCVersionGroup;
			children = (
				C12D0EF419F6D4AA00EA2B26 /* XT641539.xcdatamodel */,
			);
			currentVersion = C12D0EF419F6D4AA00EA2B26 /* XT641539.xcdatamodel */;
			path = XT641539.xcdatamodeld;
			sourceTree = "<group>";
			versionGroupType = wrapper.xcdatamodel;
		};
/* End XCVersionGroup section */
	};
	rootObject = C12D0EE119F6D4AA00EA2B26 /* Project object */;
}
